
Microsoft Visual Studio Solution File, Format Version 11.00
# Visual Studio 2010
Project("{FAE04EC0-301F-11D3-BF4B-00C04F79EFBC}") = "Game_02", "Assembly-CSharp.csproj", "{82235FBE-AB74-6277-1913-E5641C5B4210}"
EndProject
Project("{FAE04EC0-301F-11D3-BF4B-00C04F79EFBC}") = "Game_02", "Assembly-CSharp-Editor.csproj", "{95DE0DC1-8949-3E3B-0EC8-684AAF46DA5A}"
EndProject
Global
	GlobalSection(SolutionConfigurationPlatforms) = preSolution
		Debug|Any CPU = Debug|Any CPU
		Release|Any CPU = Release|Any CPU
	EndGlobalSection
	GlobalSection(ProjectConfigurationPlatforms) = postSolution
		{82235FBE-AB74-6277-1913-E5641C5B4210}.Debug|Any CPU.ActiveCfg = Debug|Any CPU
		{82235FBE-AB74-6277-1913-E5641C5B4210}.Debug|Any CPU.Build.0 = Debug|Any CPU
		{82235FBE-AB74-6277-1913-E5641C5B4210}.Release|Any CPU.ActiveCfg = Release|Any CPU
		{82235FBE-AB74-6277-1913-E5641C5B4210}.Release|Any CPU.Build.0 = Release|Any CPU
		{95DE0DC1-8949-3E3B-0EC8-684AAF46DA5A}.Debug|Any CPU.ActiveCfg = Debug|Any CPU
		{95DE0DC1-8949-3E3B-0EC8-684AAF46DA5A}.Debug|Any CPU.Build.0 = Debug|Any CPU
		{95DE0DC1-8949-3E3B-0EC8-684AAF46DA5A}.Release|Any CPU.ActiveCfg = Release|Any CPU
		{95DE0DC1-8949-3E3B-0EC8-684AAF46DA5A}.Release|Any CPU.Build.0 = Release|Any CPU
	EndGlobalSection
	GlobalSection(SolutionProperties) = preSolution
		HideSolutionNode = FALSE
	EndGlobalSection
	GlobalSection(MonoDevelopProperties) = preSolution
		StartupItem = Assembly-CSharp.csproj
	EndGlobalSection
EndGlobal
